
Microsoft Visual Studio Solution File, Format Version 12.00
# Visual Studio Version 16
VisualStudioVersion = 25.0.1706.12
MinimumVisualStudioVersion = 10.0.40219.1
Project("{FAE04EC0-301F-11D3-BF4B-00C04F79EFBC}") = "PokemonReviewApp", "PokemonReviewApp\PokemonReviewApp.csproj", "{75898086-CCE3-436D-ACB0-ED6D12237355}"
EndProject
Global
	GlobalSection(SolutionConfigurationPlatforms) = preSolution
		Debug|Any CPU = Debug|Any CPU
		Release|Any CPU = Release|Any CPU
	EndGlobalSection
	GlobalSection(ProjectConfigurationPlatforms) = postSolution
		{75898086-CCE3-436D-ACB0-ED6D12237355}.Debug|Any CPU.ActiveCfg = Debug|Any CPU
		{75898086-CCE3-436D-ACB0-ED6D12237355}.Debug|Any CPU.Build.0 = Debug|Any CPU
		{75898086-CCE3-436D-ACB0-ED6D12237355}.Release|Any CPU.ActiveCfg = Release|Any CPU
		{75898086-CCE3-436D-ACB0-ED6D12237355}.Release|Any CPU.Build.0 = Release|Any CPU
	EndGlobalSection
	GlobalSection(SolutionProperties) = preSolution
		HideSolutionNode = FALSE
	EndGlobalSection
	GlobalSection(ExtensibilityGlobals) = postSolution
		SolutionGuid = {0A3166D0-16DB-4656-8D20-36A0ADD65407}
	EndGlobalSection
EndGlobal
